
Microsoft Visual Studio Solution File, Format Version 12.00
# Visual Studio Version 16
VisualStudioVersion = 16.0.31729.503
MinimumVisualStudioVersion = 10.0.40219.1
Project("{FAE04EC0-301F-11D3-BF4B-00C04F79EFBC}") = "ASP.NETCoreWithReactExample", "ASP.NETCoreWithReactExample\ASP.NETCoreWithReactExample.csproj", "{61477EA1-EE31-4EC4-9553-9A98B9B7E9EF}"
EndProject
Global
	GlobalSection(SolutionConfigurationPlatforms) = preSolution
		Debug|Any CPU = Debug|Any CPU
		Release|Any CPU = Release|Any CPU
	EndGlobalSection
	GlobalSection(ProjectConfigurationPlatforms) = postSolution
		{61477EA1-EE31-4EC4-9553-9A98B9B7E9EF}.Debug|Any CPU.ActiveCfg = Debug|Any CPU
		{61477EA1-EE31-4EC4-9553-9A98B9B7E9EF}.Debug|Any CPU.Build.0 = Debug|Any CPU
		{61477EA1-EE31-4EC4-9553-9A98B9B7E9EF}.Release|Any CPU.ActiveCfg = Release|Any CPU
		{61477EA1-EE31-4EC4-9553-9A98B9B7E9EF}.Release|Any CPU.Build.0 = Release|Any CPU
	EndGlobalSection
	GlobalSection(SolutionProperties) = preSolution
		HideSolutionNode = FALSE
	EndGlobalSection
	GlobalSection(ExtensibilityGlobals) = postSolution
		SolutionGuid = {A7C9C253-A7F4-49DB-B510-CF7DC3ED103D}
	EndGlobalSection
EndGlobal
